github.com/glossd/fetch v0.2.3 h1:vNkxD0aK+whtughYmZ9AXTtvcirLufaQ40uFipSE9NQ=
github.com/glossd/fetch v0.2.3/go.mod h1:zIV0m9x5g9z4b0urwELyLJRI+FisrnnAH0I/pE+vJ1k=
github.com/glossd/fetch v0.2.6 h1:NoD6NPMRx4Z7/AkQKs+AkCfVdNG8X1WGCJYYbuX7brU=
github.com/glossd/fetch v0.2.6/go.mod h1:zIV0m9x5g9z4b0urwELyLJRI+FisrnnAH0I/pE+vJ1k=
github.com/glossd/fetch v0.2.7 h1:C9vUX1CsTyOKtooQpzFBZlij5XlwLn7PPYP4/zzCbBQ=
github.com/glossd/fetch v0.2.7/go.mod h1:zIV0m9x5g9z4b0urwELyLJRI+FisrnnAH0I/pE+vJ1k=
github.com/glossd/fetch v0.3.0 h1:1DKkoA/VSyavM32RWnfW39Z4fOehYKuCPdj56iHLK7Q=
github.com/glossd/fetch v0.3.0/go.mod h1:zIV0m9x5g9z4b0urwELyLJRI+FisrnnAH0I/pE+vJ1k=
github.com/glossd/fetch v0.4.0 h1:J7mvS2YRABLHoq9NCg/gLYE0tHfC29VL+vjgKGPMYKY=
github.com/glossd/fetch v0.4.0/go.mod h1:zIV0m9x5g9z4b0urwELyLJRI+FisrnnAH0I/pE+vJ1k=
github.com/glossd/fetch v0.4.1 h1:yC4XBLIARVcA45opw/lFESaNvHcPf/byFdXo5Wyyc7E=
github.com/glossd/fetch v0.4.1/go.mod h1:zIV0m9x5g9z4b0urwELyLJRI+FisrnnAH0I/pE+vJ1k=
github.com/glossd/fetch v0.4.2 h1:QF4D7OAfa/QqKwFM/MejB+tqIhH0DaqADICFZNrVDx4=
github.com/glossd/fetch v0.4.2/go.mod h1:zIV0m9x5g9z4b0urwELyLJRI+FisrnnAH0I/pE+vJ1k=
github.com/glossd/fetch v0.4.4 h1:h171hrQtBKsD9ksQhSC3xooy5D04UIH5IRyWIVCRy4Y=
github.com/glossd/fetch v0.4.4/go.mod h1:zIV0m9x5g9z4b0urwELyLJRI+FisrnnAH0I/pE+vJ1k=
github.com/glossd/fetch v0.5.0 h1:GP2CT8oyZz2tZ2Ef/epdM61Wck01OOsW0rqUgNzvT9Y=
github.com/glossd/fetch v0.5.0/go.mod h1:MI3qGw7pZeJvoTHHxtcu0vRc/Wv3TujCwn1ydIoRzdg=
github.com/glossd/fetch v0.5.1 h1:/CzhYPpcytnk9eQZgPNyYPzgM5feBrEnldiY9kzUVdA=
github.com/glossd/fetch v0.5.1/go.mod h1:MI3qGw7pZeJvoTHHxtcu0vRc/Wv3TujCwn1ydIoRzdg=
github.com/glossd/fetch v0.5.2 h1:45V6s5FlydIHWVtwWw2OtMuFpEqU5KNgJrWR7xNAD/I=
github.com/glossd/fetch v0.5.2/go.mod h1:MI3qGw7pZeJvoTHHxtcu0vRc/Wv3TujCwn1ydIoRzdg=
github.com/glossd/fetch v0.5.3 h1:SLOnFgghPRVKi4OPdXLVKMQJHZXnHVRlodYArs0V94c=
github.com/glossd/fetch v0.5.3/go.mod h1:MI3qGw7pZeJvoTHHxtcu0vRc/Wv3TujCwn1ydIoRzdg=
github.com/glossd/fetch v0.6.0 h1:8t1lCRh+amCht+JQEXp89wzV2mUGhyb0u1hAdOBtVdw=
github.com/glossd/fetch v0.6.0/go.mod h1:zIV0m9x5g9z4b0urwELyLJRI+FisrnnAH0I/pE+vJ1k=
github.com/glossd/fetch v0.7.0 h1:E8G7QY0VTsdt5JRFSNJhhuPGLj44Fi8W50LP7UnfwlI=
github.com/glossd/fetch v0.7.0/go.mod h1:zIV0m9x5g9z4b0urwELyLJRI+FisrnnAH0I/pE+vJ1k=
github.com/glossd/fetch v0.7.1 h1:WxTKW8XskZn261Y8lDBfoUEDGFaFWBb2OlUNLdO3TjU=
github.com/glossd/fetch v0.7.1/go.mod h1:zIV0m9x5g9z4b0urwELyLJRI+FisrnnAH0I/pE+vJ1k=
github.com/google/go-cmp v0.5.9 h1:O2Tfq5qg4qc4AmwVlvv0oLiVAGB7enBSJ2x2DqQFi38=
github.com/google/go-cmp v0.5.9/go.mod h1:17dUlkBOakJ0+DkrSSNjCkIjxS6bF9zb3elmeNGIjoY=
gopkg.in/check.v1 v0.0.0-20161208181325-20d25e280405 h1:yhCVgyC4o1eVCa2tZl7eS0r+SDo693bJlVdllGtEeKM=
gopkg.in/check.v1 v0.0.0-20161208181325-20d25e280405/go.mod h1:Co6ibVJAznAaIkqp8huTwlJQCZ016jof/cbN4VW5Yz0=
sigs.k8s.io/yaml v1.4.0 h1:Mk1wCc2gy/F0THH0TAp1QYyJNzRm2KCLy3o5ASXVI5E=
sigs.k8s.io/yaml v1.4.0/go.mod h1:Ejl7/uTz7PSA4eKMyQCUTnhZYNmLIl+5c2lQPGR2BPY=
